{
  "name": "metarhia-starter",
  "version": "1.0.0",
  "lockfileVersion": 3,
  "requires": true,
  "packages": {
    "": {
      "name": "metarhia-starter",
      "version": "1.0.0",
      "license": "MIT",
      "dependencies": {
        "impress": "^3.0.11"
      }
    },
    "node_modules/concolor": {
      "version": "1.0.6",
      "resolved": "https://registry.npmjs.org/concolor/-/concolor-1.0.6.tgz",
      "integrity": "sha512-ddSzRU6ge2AHTzCKyo0Jb6mB2PiBW0CgkiCazYDmZZXlqTNrAwiLv6JDWygaUo30wYwsBJ6q/Qpg/57wkivxBg==",
      "engines": {
        "node": "16 || 18 || 19 || 20"
      },
      "funding": {
        "type": "patreon",
        "url": "https://www.patreon.com/tshemsedinov"
      }
    },
    "node_modules/impress": {
      "version": "3.0.11",
      "resolved": "https://registry.npmjs.org/impress/-/impress-3.0.11.tgz",
      "integrity": "sha512-7Lmmu008X33pZWHi1NFRrikgLnXBhQNVU2LS2eIJmLgdjWSY7/uh2tUxQE//GACF2SRsPaw0PPV+KKBCBXMp3g==",
      "dependencies": {
        "metacom": "^3.1.1",
        "metaconfiguration": "^2.1.11",
        "metalog": "^3.1.12",
        "metaschema": "^2.1.5",
        "metautil": "^3.14.0",
        "metavm": "^1.3.0",
        "metawatch": "^1.1.1"
      },
      "engines": {
        "node": "18 || 20"
      },
      "funding": {
        "type": "patreon",
        "url": "https://www.patreon.com/tshemsedinov"
      }
    },
    "node_modules/metacom": {
      "version": "3.1.1",
      "resolved": "https://registry.npmjs.org/metacom/-/metacom-3.1.1.tgz",
      "integrity": "sha512-2UzuFR4OKHM4n4Nb5PshehMb8QJHafXjRw3CebWSOz0haA+9zgzgjeB4tsDg0ARwithuOw6Or8cIgp2UEHTarA==",
      "dependencies": {
        "metautil": "^3.14.0",
        "ws": "^8.14.0"
      },
      "engines": {
        "node": "18 || 20"
      },
      "funding": {
        "type": "patreon",
        "url": "https://www.patreon.com/tshemsedinov"
      }
    },
    "node_modules/metaconfiguration": {
      "version": "2.1.11",
      "resolved": "https://registry.npmjs.org/metaconfiguration/-/metaconfiguration-2.1.11.tgz",
      "integrity": "sha512-rr7KWt0xxeFqQbdA4/puKOxvXWm1mSpw0+Hzd68LxoCZJ0A8/SLkLQwLaQqDwO6gxVKPY67uI6Wfq821pdMKtQ==",
      "dependencies": {
        "metavm": "^1.2.4"
      },
      "engines": {
        "node": "16 || 18 || 19 || 20"
      },
      "funding": {
        "type": "patreon",
        "url": "https://www.patreon.com/tshemsedinov"
      }
    },
    "node_modules/metalog": {
      "version": "3.1.12",
      "resolved": "https://registry.npmjs.org/metalog/-/metalog-3.1.12.tgz",
      "integrity": "sha512-n5BQrFgkA7EJxLqdXge6P7hEWO0a9hx0hCCquTBSgIjLEQpD/s0V5klNZzM84om+oa46xDMfAgpvtcqOBZ5ZZg==",
      "dependencies": {
        "concolor": "^1.0.6",
        "metautil": "^3.10.0"
      },
      "engines": {
        "node": "16 || 18 || 19 || 20"
      },
      "funding": {
        "type": "patreon",
        "url": "https://www.patreon.com/tshemsedinov"
      }
    },
    "node_modules/metaschema": {
      "version": "2.1.5",
      "resolved": "https://registry.npmjs.org/metaschema/-/metaschema-2.1.5.tgz",
      "integrity": "sha512-cnGegYOFCOKrdH2EbmeN/m65M0/N/M2qTWQKHFZQ/UC3S/TXoml3FN9aU4nmuJH3rV2KUID1LOZAgOTYPz98vg==",
      "dependencies": {
        "metautil": "^3.10.0",
        "metavm": "^1.2.5"
      },
      "engines": {
        "node": "16 || 18 || 19 || 20"
      },
      "funding": {
        "type": "patreon",
        "url": "https://www.patreon.com/tshemsedinov"
      }
    },
    "node_modules/metautil": {
      "version": "3.14.0",
      "resolved": "https://registry.npmjs.org/metautil/-/metautil-3.14.0.tgz",
      "integrity": "sha512-kqOTNYXMx+V2Ahox7ayR5y6YermGWsCpr0KmY3o3gvRu52Xw7psqb2JqpyTiS1eyt7oWrZzOcOFb8D12CnYYug==",
      "engines": {
        "node": "18 || 20"
      },
      "funding": {
        "type": "patreon",
        "url": "https://www.patreon.com/tshemsedinov"
      }
    },
    "node_modules/metavm": {
      "version": "1.3.0",
      "resolved": "https://registry.npmjs.org/metavm/-/metavm-1.3.0.tgz",
      "integrity": "sha512-UPC6KaP6R0YscV/nxNRMcUKrm0ZAlRjb9qNyB2oFaFzA43KXA0a3b3aZYhqaeOuGF0vIIp8dL2dJc0Sd4tojKw==",
      "engines": {
        "node": "18 || 20"
      },
      "funding": {
        "type": "patreon",
        "url": "https://www.patreon.com/tshemsedinov"
      }
    },
    "node_modules/metawatch": {
      "version": "1.1.1",
      "resolved": "https://registry.npmjs.org/metawatch/-/metawatch-1.1.1.tgz",
      "integrity": "sha512-TIlm93lATgKz/xABKaggJ1xVi5BG0Q6uzTrNSFLZEKEPoAqbRkrF5K+PgqxUtePwMGdXNyg4O9rIxx7tXRKi0g==",
      "engines": {
        "node": "16 || 18 || 19 || 20"
      },
      "funding": {
        "type": "patreon",
        "url": "https://www.patreon.com/tshemsedinov"
      }
    },
    "node_modules/ws": {
      "version": "8.14.2",
      "resolved": "https://registry.npmjs.org/ws/-/ws-8.14.2.tgz",
      "integrity": "sha512-wEBG1ftX4jcglPxgFCMJmZ2PLtSbJ2Peg6TmpJFTbe9GZYOQCDPdMYu/Tm0/bGZkw8paZnJY45J4K2PZrLYq8g==",
      "engines": {
        "node": ">=10.0.0"
      },
      "peerDependencies": {
        "bufferutil": "^4.0.1",
        "utf-8-validate": ">=5.0.2"
      },
      "peerDependenciesMeta": {
        "bufferutil": {
          "optional": true
        },
        "utf-8-validate": {
          "optional": true
        }
      }
    }
  }
}
